// !$*UTF8*$!
{
	archiveVersion = 1;
	classes = {
	};
	objectVersion = 50;
	objects = {

/* Begin PBXBuildFile section */
		0713CE77212A4D4900E74F25 /* ParseClient.swift in Sources */ = {isa = PBXBuildFile; fileRef = 0713CE76212A4D4900E74F25 /* ParseClient.swift */; };
		0713CE79212A4EAE00E74F25 /* PostCell.swift in Sources */ = {isa = PBXBuildFile; fileRef = 0713CE78212A4EAE00E74F25 /* PostCell.swift */; };
		0713CE7D212A5D1500E74F25 /* Post.swift in Sources */ = {isa = PBXBuildFile; fileRef = 0713CE7C212A5D1500E74F25 /* Post.swift */; };
		079A6C192125143A00115947 /* HomeViewController.swift in Sources */ = {isa = PBXBuildFile; fileRef = 079A6C182125143A00115947 /* HomeViewController.swift */; };
		07DAF2D7211E00330081B7BF /* AppDelegate.swift in Sources */ = {isa = PBXBuildFile; fileRef = 07DAF2D6211E00330081B7BF /* AppDelegate.swift */; };
		07DAF2D9211E00330081B7BF /* ViewController.swift in Sources */ = {isa = PBXBuildFile; fileRef = 07DAF2D8211E00330081B7BF /* ViewController.swift */; };
		07DAF2DC211E00330081B7BF /* Main.storyboard in Resources */ = {isa = PBXBuildFile; fileRef = 07DAF2DA211E00330081B7BF /* Main.storyboard */; };
		07DAF2DE211E00370081B7BF /* Assets.xcassets in Resources */ = {isa = PBXBuildFile; fileRef = 07DAF2DD211E00370081B7BF /* Assets.xcassets */; };
		07DAF2E1211E00370081B7BF /* LaunchScreen.storyboard in Resources */ = {isa = PBXBuildFile; fileRef = 07DAF2DF211E00370081B7BF /* LaunchScreen.storyboard */; };
		07DAF33E212295110081B7BF /* LoginViewController.swift in Sources */ = {isa = PBXBuildFile; fileRef = 07DAF33D212295110081B7BF /* LoginViewController.swift */; };
		07DAF3412123E6D40081B7BF /* CustomButton.swift in Sources */ = {isa = PBXBuildFile; fileRef = 07DAF3402123E6D40081B7BF /* CustomButton.swift */; };
		531C8C6F75AE7DA5BB742E7A /* Pods_InstagramClone.framework in Frameworks */ = {isa = PBXBuildFile; fileRef = 73C9DFE321E7C68EB5C2844B /* Pods_InstagramClone.framework */; };
/* End PBXBuildFile section */

/* Begin PBXFileReference section */
		0713CE76212A4D4900E74F25 /* ParseClient.swift */ = {isa = PBXFileReference; lastKnownFileType = sourcecode.swift; path = ParseClient.swift; sourceTree = "<group>"; };
		0713CE78212A4EAE00E74F25 /* PostCell.swift */ = {isa = PBXFileReference; lastKnownFileType = sourcecode.swift; path = PostCell.swift; sourceTree = "<group>"; };
		0713CE7C212A5D1500E74F25 /* Post.swift */ = {isa = PBXFileReference; lastKnownFileType = sourcecode.swift; path = Post.swift; sourceTree = "<group>"; };
		079A6C182125143A00115947 /* HomeViewController.swift */ = {isa = PBXFileReference; lastKnownFileType = sourcecode.swift; path = HomeViewController.swift; sourceTree = "<group>"; };
		07DAF2D3211E00330081B7BF /* InstagramClone.app */ = {isa = PBXFileReference; explicitFileType = wrapper.application; includeInIndex = 0; path = InstagramClone.app; sourceTree = BUILT_PRODUCTS_DIR; };
		07DAF2D6211E00330081B7BF /* AppDelegate.swift */ = {isa = PBXFileReference; lastKnownFileType = sourcecode.swift; path = AppDelegate.swift; sourceTree = "<group>"; };
		07DAF2D8211E00330081B7BF /* ViewController.swift */ = {isa = PBXFileReference; lastKnownFileType = sourcecode.swift; path = ViewController.swift; sourceTree = "<group>"; };
		07DAF2DB211E00330081B7BF /* Base */ = {isa = PBXFileReference; lastKnownFileType = file.storyboard; name = Base; path = Base.lproj/Main.storyboard; sourceTree = "<group>"; };
		07DAF2DD211E00370081B7BF /* Assets.xcassets */ = {isa = PBXFileReference; lastKnownFileType = folder.assetcatalog; path = Assets.xcassets; sourceTree = "<group>"; };
		07DAF2E0211E00370081B7BF /* Base */ = {isa = PBXFileReference; lastKnownFileType = file.storyboard; name = Base; path = Base.lproj/LaunchScreen.storyboard; sourceTree = "<group>"; };
		07DAF2E2211E00370081B7BF /* Info.plist */ = {isa = PBXFileReference; lastKnownFileType = text.plist.xml; path = Info.plist; sourceTree = "<group>"; };
		07DAF33D212295110081B7BF /* LoginViewController.swift */ = {isa = PBXFileReference; lastKnownFileType = sourcecode.swift; path = LoginViewController.swift; sourceTree = "<group>"; };
		07DAF3402123E6D40081B7BF /* CustomButton.swift */ = {isa = PBXFileReference; lastKnownFileType = sourcecode.swift; path = CustomButton.swift; sourceTree = "<group>"; };
		73C9DFE321E7C68EB5C2844B /* Pods_InstagramClone.framework */ = {isa = PBXFileReference; explicitFileType = wrapper.framework; includeInIndex = 0; path = Pods_InstagramClone.framework; sourceTree = BUILT_PRODUCTS_DIR; };
		990D99F0FD0BF26D08C340EF /* Pods-InstagramClone.release.xcconfig */ = {isa = PBXFileReference; includeInIndex = 1; lastKnownFileType = text.xcconfig; name = "Pods-InstagramClone.release.xcconfig"; path = "Pods/Target Support Files/Pods-InstagramClone/Pods-InstagramClone.release.xcconfig"; sourceTree = "<group>"; };
		EF9DE6C8FB409017B8CCDD0B /* Pods-InstagramClone.debug.xcconfig */ = {isa = PBXFileReference; includeInIndex = 1; lastKnownFileType = text.xcconfig; name = "Pods-InstagramClone.debug.xcconfig"; path = "Pods/Target Support Files/Pods-InstagramClone/Pods-InstagramClone.debug.xcconfig"; sourceTree = "<group>"; };
/* End PBXFileReference section */

/* Begin PBXFrameworksBuildPhase section */
		07DAF2D0211E00330081B7BF /* Frameworks */ = {
			isa = PBXFrameworksBuildPhase;
			buildActionMask = 2147483647;
			files = (
				531C8C6F75AE7DA5BB742E7A /* Pods_InstagramClone.framework in Frameworks */,
			);
			runOnlyForDeploymentPostprocessing = 0;
		};
/* End PBXFrameworksBuildPhase section */

/* Begin PBXGroup section */
		0713CE75212A4D2B00E74F25 /* Model */ = {
			isa = PBXGroup;
			children = (
				0713CE76212A4D4900E74F25 /* ParseClient.swift */,
				0713CE7C212A5D1500E74F25 /* Post.swift */,
			);
			path = Model;
			sourceTree = "<group>";
		};
		07DAF2CA211E00330081B7BF = {
			isa = PBXGroup;
			children = (
				07DAF2D5211E00330081B7BF /* InstagramClone */,
				07DAF2D4211E00330081B7BF /* Products */,
				2547A4643781770DB056E4E9 /* Pods */,
				216D01B3FB3769719CF367A5 /* Frameworks */,
			);
			sourceTree = "<group>";
		};
		07DAF2D4211E00330081B7BF /* Products */ = {
			isa = PBXGroup;
			children = (
				07DAF2D3211E00330081B7BF /* InstagramClone.app */,
			);
			name = Products;
			sourceTree = "<group>";
		};
		07DAF2D5211E00330081B7BF /* InstagramClone */ = {
			isa = PBXGroup;
			children = (
				0713CE75212A4D2B00E74F25 /* Model */,
				07DAF33F2123E6B80081B7BF /* Views */,
				07DAF33C212294EF0081B7BF /* Controllers */,
				07DAF2D6211E00330081B7BF /* AppDelegate.swift */,
				07DAF2DA211E00330081B7BF /* Main.storyboard */,
				07DAF2DD211E00370081B7BF /* Assets.xcassets */,
				07DAF2DF211E00370081B7BF /* LaunchScreen.storyboard */,
				07DAF2E2211E00370081B7BF /* Info.plist */,
			);
			path = InstagramClone;
			sourceTree = "<group>";
		};
		07DAF33C212294EF0081B7BF /* Controllers */ = {
			isa = PBXGroup;
			children = (
				07DAF2D8211E00330081B7BF /* ViewController.swift */,
				07DAF33D212295110081B7BF /* LoginViewController.swift */,
				079A6C182125143A00115947 /* HomeViewController.swift */,
			);
			path = Controllers;
			sourceTree = "<group>";
		};
		07DAF33F2123E6B80081B7BF /* Views */ = {
			isa = PBXGroup;
			children = (
				07DAF3402123E6D40081B7BF /* CustomButton.swift */,
				0713CE78212A4EAE00E74F25 /* PostCell.swift */,
			);
			path = Views;
			sourceTree = "<group>";
		};
		216D01B3FB3769719CF367A5 /* Frameworks */ = {
			isa = PBXGroup;
			children = (
				73C9DFE321E7C68EB5C2844B /* Pods_InstagramClone.framework */,
			);
			name = Frameworks;
			sourceTree = "<group>";
		};
		2547A4643781770DB056E4E9 /* Pods */ = {
			isa = PBXGroup;
			children = (
				EF9DE6C8FB409017B8CCDD0B /* Pods-InstagramClone.debug.xcconfig */,
				990D99F0FD0BF26D08C340EF /* Pods-InstagramClone.release.xcconfig */,
			);
			name = Pods;
			sourceTree = "<group>";
		};
/* End PBXGroup section */

/* Begin PBXNativeTarget section */
		07DAF2D2211E00330081B7BF /* InstagramClone */ = {
			isa = PBXNativeTarget;
			buildConfigurationList = 07DAF2E5211E00370081B7BF /* Build configuration list for PBXNativeTarget "InstagramClone" */;
			buildPhases = (
				EF1C994884A7AE3B851209EB /* [CP] Check Pods Manifest.lock */,
				07DAF2CF211E00330081B7BF /* Sources */,
				07DAF2D0211E00330081B7BF /* Frameworks */,
				07DAF2D1211E00330081B7BF /* Resources */,
				A9DF9AC3F9AAFBB462858E6C /* [CP] Embed Pods Frameworks */,
			);
			buildRules = (
			);
			dependencies = (
			);
			name = InstagramClone;
			productName = InstagramClone;
			productReference = 07DAF2D3211E00330081B7BF /* InstagramClone.app */;
			productType = "com.apple.product-type.application";
		};
/* End PBXNativeTarget section */

/* Begin PBXProject section */
		07DAF2CB211E00330081B7BF /* Project object */ = {
			isa = PBXProject;
			attributes = {
				LastSwiftUpdateCheck = 0940;
				LastUpgradeCheck = 0940;
				ORGANIZATIONNAME = "Brandon Teran";
				TargetAttributes = {
					07DAF2D2211E00330081B7BF = {
						CreatedOnToolsVersion = 9.4.1;
					};
				};
			};
			buildConfigurationList = 07DAF2CE211E00330081B7BF /* Build configuration list for PBXProject "InstagramClone" */;
			compatibilityVersion = "Xcode 9.3";
			developmentRegion = en;
			hasScannedForEncodings = 0;
			knownRegions = (
				en,
				Base,
			);
			mainGroup = 07DAF2CA211E00330081B7BF;
			productRefGroup = 07DAF2D4211E00330081B7BF /* Products */;
			projectDirPath = "";
			projectRoot = "";
			targets = (
				07DAF2D2211E00330081B7BF /* InstagramClone */,
			);
		};
/* End PBXProject section */

/* Begin PBXResourcesBuildPhase section */
		07DAF2D1211E00330081B7BF /* Resources */ = {
			isa = PBXResourcesBuildPhase;
			buildActionMask = 2147483647;
			files = (
				07DAF2E1211E00370081B7BF /* LaunchScreen.storyboard in Resources */,
				07DAF2DE211E00370081B7BF /* Assets.xcassets in Resources */,
				07DAF2DC211E00330081B7BF /* Main.storyboard in Resources */,
			);
			runOnlyForDeploymentPostprocessing = 0;
		};
/* End PBXResourcesBuildPhase section */

/* Begin PBXShellScriptBuildPhase section */
		A9DF9AC3F9AAFBB462858E6C /* [CP] Embed Pods Frameworks */ = {
			isa = PBXShellScriptBuildPhase;
			buildActionMask = 2147483647;
			files = (
			);
			inputPaths = (
				"${SRCROOT}/Pods/Target Support Files/Pods-InstagramClone/Pods-InstagramClone-frameworks.sh",
				"${BUILT_PRODUCTS_DIR}/Bolts/Bolts.framework",
				"${BUILT_PRODUCTS_DIR}/Parse/Parse.framework",
				"${BUILT_PRODUCTS_DIR}/ParseUI/ParseUI.framework",
			);
			name = "[CP] Embed Pods Frameworks";
			outputPaths = (
				"${TARGET_BUILD_DIR}/${FRAMEWORKS_FOLDER_PATH}/Bolts.framework",
				"${TARGET_BUILD_DIR}/${FRAMEWORKS_FOLDER_PATH}/Parse.framework",
				"${TARGET_BUILD_DIR}/${FRAMEWORKS_FOLDER_PATH}/ParseUI.framework",
			);
			runOnlyForDeploymentPostprocessing = 0;
			shellPath = /bin/sh;
			shellScript = "\"${SRCROOT}/Pods/Target Support Files/Pods-InstagramClone/Pods-InstagramClone-frameworks.sh\"\n";
			showEnvVarsInLog = 0;
		};
		EF1C994884A7AE3B851209EB /* [CP] Check Pods Manifest.lock */ = {
			isa = PBXShellScriptBuildPhase;
			buildActionMask = 2147483647;
			files = (
			);
			inputPaths = (
				"${PODS_PODFILE_DIR_PATH}/Podfile.lock",
				"${PODS_ROOT}/Manifest.lock",
			);
			name = "[CP] Check Pods Manifest.lock";
			outputPaths = (
				"$(DERIVED_FILE_DIR)/Pods-InstagramClone-checkManifestLockResult.txt",
			);
			runOnlyForDeploymentPostprocessing = 0;
			shellPath = /bin/sh;
			shellScript = "diff \"${PODS_PODFILE_DIR_PATH}/Podfile.lock\" \"${PODS_ROOT}/Manifest.lock\" > /dev/null\nif [ $? != 0 ] ; then\n    # print error to STDERR\n    echo \"error: The sandbox is not in sync with the Podfile.lock. Run 'pod install' or update your CocoaPods installation.\" >&2\n    exit 1\nfi\n# This output is used by Xcode 'outputs' to avoid re-running this script phase.\necho \"SUCCESS\" > \"${SCRIPT_OUTPUT_FILE_0}\"\n";
			showEnvVarsInLog = 0;
		};
/* End PBXShellScriptBuildPhase section */

/* Begin PBXSourcesBuildPhase section */
		07DAF2CF211E00330081B7BF /* Sources */ = {
			isa = PBXSourcesBuildPhase;
			buildActionMask = 2147483647;
			files = (
				07DAF3412123E6D40081B7BF /* CustomButton.swift in Sources */,
				07DAF33E212295110081B7BF /* LoginViewController.swift in Sources */,
				0713CE77212A4D4900E74F25 /* ParseClient.swift in Sources */,
				07DAF2D9211E00330081B7BF /* ViewController.swift in Sources */,
				07DAF2D7211E00330081B7BF /* AppDelegate.swift in Sources */,
				0713CE7D212A5D1500E74F25 /* Post.swift in Sources */,
				079A6C192125143A00115947 /* HomeViewController.swift in Sources */,
				0713CE79212A4EAE00E74F25 /* PostCell.swift in Sources */,
			);
			runOnlyForDeploymentPostprocessing = 0;
		};
/* End PBXSourcesBuildPhase section */

/* Begin PBXVariantGroup section */
		07DAF2DA211E00330081B7BF /* Main.storyboard */ = {
			isa = PBXVariantGroup;
			children = (
				07DAF2DB211E00330081B7BF /* Base */,
			);
			name = Main.storyboard;
			sourceTree = "<group>";
		};
		07DAF2DF211E00370081B7BF /* LaunchScreen.storyboard */ = {
			isa = PBXVariantGroup;
			children = (
				07DAF2E0211E00370081B7BF /* Base */,
			);
			name = LaunchScreen.storyboard;
			sourceTree = "<group>";
		};
/* End PBXVariantGroup section */

/* Begin XCBuildConfiguration section */
		07DAF2E3211E00370081B7BF /* Debug */ = {
			isa = XCBuildConfiguration;
			buildSettings = {
				ALWAYS_SEARCH_USER_PATHS = NO;
				CLANG_ANALYZER_NONNULL = YES;
				CLANG_ANALYZER_NUMBER_OBJECT_CONVERSION = YES_AGGRESSIVE;
				CLANG_CXX_LANGUAGE_STANDARD = "gnu++14";
				CLANG_CXX_LIBRARY = "libc++";
				CLANG_ENABLE_MODULES = YES;
				CLANG_ENABLE_OBJC_ARC = YES;
				CLANG_ENABLE_OBJC_WEAK = YES;
				CLANG_WARN_BLOCK_CAPTURE_AUTORELEASING = YES;
				CLANG_WARN_BOOL_CONVERSION = YES;
				CLANG_WARN_COMMA = YES;
				CLANG_WARN_CONSTANT_CONVERSION = YES;
				CLANG_WARN_DEPRECATED_OBJC_IMPLEMENTATIONS = YES;
				CLANG_WARN_DIRECT_OBJC_ISA_USAGE = YES_ERROR;
				CLANG_WARN_DOCUMENTATION_COMMENTS = YES;
				CLANG_WARN_EMPTY_BODY = YES;
				CLANG_WARN_ENUM_CONVERSION = YES;
				CLANG_WARN_INFINITE_RECURSION = YES;
				CLANG_WARN_INT_CONVERSION = YES;
				CLANG_WARN_NON_LITERAL_NULL_CONVERSION = YES;
				CLANG_WARN_OBJC_IMPLICIT_RETAIN_SELF = YES;
				CLANG_WARN_OBJC_LITERAL_CONVERSION = YES;
				CLANG_WARN_OBJC_ROOT_CLASS = YES_ERROR;
				CLANG_WARN_RANGE_LOOP_ANALYSIS = YES;
				CLANG_WARN_STRICT_PROTOTYPES = YES;
				CLANG_WARN_SUSPICIOUS_MOVE = YES;
				CLANG_WARN_UNGUARDED_AVAILABILITY = YES_AGGRESSIVE;
				CLANG_WARN_UNREACHABLE_CODE = YES;
				CLANG_WARN__DUPLICATE_METHOD_MATCH = YES;
				CODE_SIGN_IDENTITY = "iPhone Developer";
				COPY_PHASE_STRIP = NO;
				DEBUG_INFORMATION_FORMAT = dwarf;
				ENABLE_STRICT_OBJC_MSGSEND = YES;
				ENABLE_TESTABILITY = YES;
				GCC_C_LANGUAGE_STANDARD = gnu11;
				GCC_DYNAMIC_NO_PIC = NO;
				GCC_NO_COMMON_BLOCKS = YES;
				GCC_OPTIMIZATION_LEVEL = 0;
				GCC_PREPROCESSOR_DEFINITIONS = (
					"DEBUG=1",
					"$(inherited)",
				);
				GCC_WARN_64_TO_32_BIT_CONVERSION = YES;
				GCC_WARN_ABOUT_RETURN_TYPE = YES_ERROR;
				GCC_WARN_UNDECLARED_SELECTOR = YES;
				GCC_WARN_UNINITIALIZED_AUTOS = YES_AGGRESSIVE;
				GCC_WARN_UNUSED_FUNCTION = YES;
				GCC_WARN_UNUSED_VARIABLE = YES;
				IPHONEOS_DEPLOYMENT_TARGET = 11.4;
				MTL_ENABLE_DEBUG_INFO = YES;
				ONLY_ACTIVE_ARCH = YES;
				SDKROOT = iphoneos;
				SWIFT_ACTIVE_COMPILATION_CONDITIONS = DEBUG;
				SWIFT_OPTIMIZATION_LEVEL = "-Onone";
			};
			name = Debug;
		};
		07DAF2E4211E00370081B7BF /* Release */ = {
			isa = XCBuildConfiguration;
			buildSettings = {
				ALWAYS_SEARCH_USER_PATHS = NO;
				CLANG_ANALYZER_NONNULL = YES;
				CLANG_ANALYZER_NUMBER_OBJECT_CONVERSION = YES_AGGRESSIVE;
				CLANG_CXX_LANGUAGE_STANDARD = "gnu++14";
				CLANG_CXX_LIBRARY = "libc++";
				CLANG_ENABLE_MODULES = YES;
				CLANG_ENABLE_OBJC_ARC = YES;
				CLANG_ENABLE_OBJC_WEAK = YES;
				CLANG_WARN_BLOCK_CAPTURE_AUTORELEASING = YES;
				CLANG_WARN_BOOL_CONVERSION = YES;
				CLANG_WARN_COMMA = YES;
				CLANG_WARN_CONSTANT_CONVERSION = YES;
				CLANG_WARN_DEPRECATED_OBJC_IMPLEMENTATIONS = YES;
				CLANG_WARN_DIRECT_OBJC_ISA_USAGE = YES_ERROR;
				CLANG_WARN_DOCUMENTATION_COMMENTS = YES;
				CLANG_WARN_EMPTY_BODY = YES;
				CLANG_WARN_ENUM_CONVERSION = YES;
				CLANG_WARN_INFINITE_RECURSION = YES;
				CLANG_WARN_INT_CONVERSION = YES;
				CLANG_WARN_NON_LITERAL_NULL_CONVERSION = YES;
				CLANG_WARN_OBJC_IMPLICIT_RETAIN_SELF = YES;
				CLANG_WARN_OBJC_LITERAL_CONVERSION = YES;
				CLANG_WARN_OBJC_ROOT_CLASS = YES_ERROR;
				CLANG_WARN_RANGE_LOOP_ANALYSIS = YES;
				CLANG_WARN_STRICT_PROTOTYPES = YES;
				CLANG_WARN_SUSPICIOUS_MOVE = YES;
				CLANG_WARN_UNGUARDED_AVAILABILITY = YES_AGGRESSIVE;
				CLANG_WARN_UNREACHABLE_CODE = YES;
				CLANG_WARN__DUPLICATE_METHOD_MATCH = YES;
				CODE_SIGN_IDENTITY = "iPhone Developer";
				COPY_PHASE_STRIP = NO;
				DEBUG_INFORMATION_FORMAT = "dwarf-with-dsym";
				ENABLE_NS_ASSERTIONS = NO;
				ENABLE_STRICT_OBJC_MSGSEND = YES;
				GCC_C_LANGUAGE_STANDARD = gnu11;
				GCC_NO_COMMON_BLOCKS = YES;
				GCC_WARN_64_TO_32_BIT_CONVERSION = YES;
				GCC_WARN_ABOUT_RETURN_TYPE = YES_ERROR;
				GCC_WARN_UNDECLARED_SELECTOR = YES;
				GCC_WARN_UNINITIALIZED_AUTOS = YES_AGGRESSIVE;
				GCC_WARN_UNUSED_FUNCTION = YES;
				GCC_WARN_UNUSED_VARIABLE = YES;
				IPHONEOS_DEPLOYMENT_TARGET = 11.4;
				MTL_ENABLE_DEBUG_INFO = NO;
				SDKROOT = iphoneos;
				SWIFT_COMPILATION_MODE = wholemodule;
				SWIFT_OPTIMIZATION_LEVEL = "-O";
				VALIDATE_PRODUCT = YES;
			};
			name = Release;
		};
		07DAF2E6211E00370081B7BF /* Debug */ = {
			isa = XCBuildConfiguration;
			baseConfigurationReference = EF9DE6C8FB409017B8CCDD0B /* Pods-InstagramClone.debug.xcconfig */;
			buildSettings = {
				CODE_SIGN_STYLE = Automatic;
				DEVELOPMENT_TEAM = 5VH56T7SNL;
				INFOPLIST_FILE = InstagramClone/Info.plist;
				IPHONEOS_DEPLOYMENT_TARGET = 10.0;
				LD_RUNPATH_SEARCH_PATHS = (
					"$(inherited)",
					"@executable_path/Frameworks",
				);
				PRODUCT_BUNDLE_IDENTIFIER = "Brandon-Teran.InstagramClone";
				PRODUCT_NAME = "$(TARGET_NAME)";
				SWIFT_VERSION = 4.0;
				TARGETED_DEVICE_FAMILY = "1,2";
			};
			name = Debug;
		};
		07DAF2E7211E00370081B7BF /* Release */ = {
			isa = XCBuildConfiguration;
			baseConfigurationReference = 990D99F0FD0BF26D08C340EF /* Pods-InstagramClone.release.xcconfig */;
			buildSettings = {
				CODE_SIGN_STYLE = Automatic;
				DEVELOPMENT_TEAM = 5VH56T7SNL;
				INFOPLIST_FILE = InstagramClone/Info.plist;
				IPHONEOS_DEPLOYMENT_TARGET = 10.0;
				LD_RUNPATH_SEARCH_PATHS = (
					"$(inherited)",
					"@executable_path/Frameworks",
				);
				PRODUCT_BUNDLE_IDENTIFIER = "Brandon-Teran.InstagramClone";
				PRODUCT_NAME = "$(TARGET_NAME)";
				SWIFT_VERSION = 4.0;
				TARGETED_DEVICE_FAMILY = "1,2";
			};
			name = Release;
		};
/* End XCBuildConfiguration section */

/* Begin XCConfigurationList section */
		07DAF2CE211E00330081B7BF /* Build configuration list for PBXProject "InstagramClone" */ = {
			isa = XCConfigurationList;
			buildConfigurations = (
				07DAF2E3211E00370081B7BF /* Debug */,
				07DAF2E4211E00370081B7BF /* Release */,
			);
			defaultConfigurationIsVisible = 0;
			defaultConfigurationName = Release;
		};
		07DAF2E5211E00370081B7BF /* Build configuration list for PBXNativeTarget "InstagramClone" */ = {
			isa = XCConfigurationList;
			buildConfigurations = (
				07DAF2E6211E00370081B7BF /* Debug */,
				07DAF2E7211E00370081B7BF /* Release */,
			);
			defaultConfigurationIsVisible = 0;
			defaultConfigurationName = Release;
		};
/* End XCConfigurationList section */
	};
	rootObject = 07DAF2CB211E00330081B7BF /* Project object */;
}
